
Microsoft Visual Studio Solution File, Format Version 12.00
# Visual Studio Version 17
VisualStudioVersion = 17.5.002.0
MinimumVisualStudioVersion = 10.0.40219.1
Project("{9A19103F-16F7-4668-BE54-9A1E7A4F7556}") = "task3", "task3.csproj", "{72740B22-3848-45C4-93BA-A6FD39160EE8}"
EndProject
Global
	GlobalSection(SolutionConfigurationPlatforms) = preSolution
		Debug|Any CPU = Debug|Any CPU
		Release|Any CPU = Release|Any CPU
	EndGlobalSection
	GlobalSection(ProjectConfigurationPlatforms) = postSolution
		{72740B22-3848-45C4-93BA-A6FD39160EE8}.Debug|Any CPU.ActiveCfg = Debug|Any CPU
		{72740B22-3848-45C4-93BA-A6FD39160EE8}.Debug|Any CPU.Build.0 = Debug|Any CPU
		{72740B22-3848-45C4-93BA-A6FD39160EE8}.Release|Any CPU.ActiveCfg = Release|Any CPU
		{72740B22-3848-45C4-93BA-A6FD39160EE8}.Release|Any CPU.Build.0 = Release|Any CPU
	EndGlobalSection
	GlobalSection(SolutionProperties) = preSolution
		HideSolutionNode = FALSE
	EndGlobalSection
	GlobalSection(ExtensibilityGlobals) = postSolution
		SolutionGuid = {E51A7F88-7BFE-4E2D-B6DD-F7112573C9EC}
	EndGlobalSection
EndGlobal
